
Microsoft Visual Studio Solution File, Format Version 12.00
# Visual Studio Version 16
VisualStudioVersion = 16.0.31624.102
MinimumVisualStudioVersion = 10.0.40219.1
Project("{FAE04EC0-301F-11D3-BF4B-00C04F79EFBC}") = "uri1064", "uri1064\uri1064.csproj", "{333B60B4-7BE1-47E8-B264-7279F0C72BDB}"
EndProject
Global
	GlobalSection(SolutionConfigurationPlatforms) = preSolution
		Debug|Any CPU = Debug|Any CPU
		Release|Any CPU = Release|Any CPU
	EndGlobalSection
	GlobalSection(ProjectConfigurationPlatforms) = postSolution
		{333B60B4-7BE1-47E8-B264-7279F0C72BDB}.Debug|Any CPU.ActiveCfg = Debug|Any CPU
		{333B60B4-7BE1-47E8-B264-7279F0C72BDB}.Debug|Any CPU.Build.0 = Debug|Any CPU
		{333B60B4-7BE1-47E8-B264-7279F0C72BDB}.Release|Any CPU.ActiveCfg = Release|Any CPU
		{333B60B4-7BE1-47E8-B264-7279F0C72BDB}.Release|Any CPU.Build.0 = Release|Any CPU
	EndGlobalSection
	GlobalSection(SolutionProperties) = preSolution
		HideSolutionNode = FALSE
	EndGlobalSection
	GlobalSection(ExtensibilityGlobals) = postSolution
		SolutionGuid = {BA750F9C-0400-4477-A5DD-0084AF093169}
	EndGlobalSection
EndGlobal
