
Microsoft Visual Studio Solution File, Format Version 12.00
# Visual Studio Version 16
VisualStudioVersion = 16.0.31624.102
MinimumVisualStudioVersion = 10.0.40219.1
Project("{FAE04EC0-301F-11D3-BF4B-00C04F79EFBC}") = "uri1037", "uri1037\uri1037.csproj", "{1FD42990-AE69-4D07-AD05-F79621727A5F}"
EndProject
Global
	GlobalSection(SolutionConfigurationPlatforms) = preSolution
		Debug|Any CPU = Debug|Any CPU
		Release|Any CPU = Release|Any CPU
	EndGlobalSection
	GlobalSection(ProjectConfigurationPlatforms) = postSolution
		{1FD42990-AE69-4D07-AD05-F79621727A5F}.Debug|Any CPU.ActiveCfg = Debug|Any CPU
		{1FD42990-AE69-4D07-AD05-F79621727A5F}.Debug|Any CPU.Build.0 = Debug|Any CPU
		{1FD42990-AE69-4D07-AD05-F79621727A5F}.Release|Any CPU.ActiveCfg = Release|Any CPU
		{1FD42990-AE69-4D07-AD05-F79621727A5F}.Release|Any CPU.Build.0 = Release|Any CPU
	EndGlobalSection
	GlobalSection(SolutionProperties) = preSolution
		HideSolutionNode = FALSE
	EndGlobalSection
	GlobalSection(ExtensibilityGlobals) = postSolution
		SolutionGuid = {03F26B10-E64A-4B68-B030-73A7317D871E}
	EndGlobalSection
EndGlobal
