
Microsoft Visual Studio Solution File, Format Version 12.00
# Visual Studio Version 16
VisualStudioVersion = 16.0.31624.102
MinimumVisualStudioVersion = 10.0.40219.1
Project("{FAE04EC0-301F-11D3-BF4B-00C04F79EFBC}") = "uri1002", "uri1002\uri1002.csproj", "{48160206-DD3B-450C-857E-F6A0BC04CA4F}"
EndProject
Global
	GlobalSection(SolutionConfigurationPlatforms) = preSolution
		Debug|Any CPU = Debug|Any CPU
		Release|Any CPU = Release|Any CPU
	EndGlobalSection
	GlobalSection(ProjectConfigurationPlatforms) = postSolution
		{48160206-DD3B-450C-857E-F6A0BC04CA4F}.Debug|Any CPU.ActiveCfg = Debug|Any CPU
		{48160206-DD3B-450C-857E-F6A0BC04CA4F}.Debug|Any CPU.Build.0 = Debug|Any CPU
		{48160206-DD3B-450C-857E-F6A0BC04CA4F}.Release|Any CPU.ActiveCfg = Release|Any CPU
		{48160206-DD3B-450C-857E-F6A0BC04CA4F}.Release|Any CPU.Build.0 = Release|Any CPU
	EndGlobalSection
	GlobalSection(SolutionProperties) = preSolution
		HideSolutionNode = FALSE
	EndGlobalSection
	GlobalSection(ExtensibilityGlobals) = postSolution
		SolutionGuid = {A4C16E21-21E2-4852-8EDA-98CF8350808F}
	EndGlobalSection
EndGlobal
