
Microsoft Visual Studio Solution File, Format Version 12.00
# Visual Studio Version 16
VisualStudioVersion = 16.0.31624.102
MinimumVisualStudioVersion = 10.0.40219.1
Project("{FAE04EC0-301F-11D3-BF4B-00C04F79EFBC}") = "uri1018", "uri1018\uri1018.csproj", "{348F80D3-1407-48FA-A580-652CA1AC458C}"
EndProject
Global
	GlobalSection(SolutionConfigurationPlatforms) = preSolution
		Debug|Any CPU = Debug|Any CPU
		Release|Any CPU = Release|Any CPU
	EndGlobalSection
	GlobalSection(ProjectConfigurationPlatforms) = postSolution
		{348F80D3-1407-48FA-A580-652CA1AC458C}.Debug|Any CPU.ActiveCfg = Debug|Any CPU
		{348F80D3-1407-48FA-A580-652CA1AC458C}.Debug|Any CPU.Build.0 = Debug|Any CPU
		{348F80D3-1407-48FA-A580-652CA1AC458C}.Release|Any CPU.ActiveCfg = Release|Any CPU
		{348F80D3-1407-48FA-A580-652CA1AC458C}.Release|Any CPU.Build.0 = Release|Any CPU
	EndGlobalSection
	GlobalSection(SolutionProperties) = preSolution
		HideSolutionNode = FALSE
	EndGlobalSection
	GlobalSection(ExtensibilityGlobals) = postSolution
		SolutionGuid = {DEB9453A-F474-4975-A68B-266BAF2E0E0E}
	EndGlobalSection
EndGlobal
