
Microsoft Visual Studio Solution File, Format Version 12.00
# Visual Studio Version 16
VisualStudioVersion = 16.0.31624.102
MinimumVisualStudioVersion = 10.0.40219.1
Project("{FAE04EC0-301F-11D3-BF4B-00C04F79EFBC}") = "uri1050", "uri1050\uri1050.csproj", "{7F4D9F97-1BB7-4D6E-8EAD-797BD39B8B17}"
EndProject
Global
	GlobalSection(SolutionConfigurationPlatforms) = preSolution
		Debug|Any CPU = Debug|Any CPU
		Release|Any CPU = Release|Any CPU
	EndGlobalSection
	GlobalSection(ProjectConfigurationPlatforms) = postSolution
		{7F4D9F97-1BB7-4D6E-8EAD-797BD39B8B17}.Debug|Any CPU.ActiveCfg = Debug|Any CPU
		{7F4D9F97-1BB7-4D6E-8EAD-797BD39B8B17}.Debug|Any CPU.Build.0 = Debug|Any CPU
		{7F4D9F97-1BB7-4D6E-8EAD-797BD39B8B17}.Release|Any CPU.ActiveCfg = Release|Any CPU
		{7F4D9F97-1BB7-4D6E-8EAD-797BD39B8B17}.Release|Any CPU.Build.0 = Release|Any CPU
	EndGlobalSection
	GlobalSection(SolutionProperties) = preSolution
		HideSolutionNode = FALSE
	EndGlobalSection
	GlobalSection(ExtensibilityGlobals) = postSolution
		SolutionGuid = {C4427247-E047-42EB-874E-67F731CDFA4E}
	EndGlobalSection
EndGlobal
